
Microsoft Visual Studio Solution File, Format Version 12.00
# Visual Studio Version 17
VisualStudioVersion = 17.5.33627.172
MinimumVisualStudioVersion = 10.0.40219.1
Project("{8BC9CEB8-8B4A-11D0-8D11-00A0C91BC942}") = "DOW2DLLInjector", "DOW2DLLInjector\DOW2DLLInjector.vcxproj", "{88BC017B-C400-469C-A546-F99273FA611F}"
EndProject
Project("{8BC9CEB8-8B4A-11D0-8D11-00A0C91BC942}") = "GamemodePatch", "BaseDLL\BaseDLL.vcxproj", "{66C07191-2AC8-4D94-B382-D89B9BF8D5DC}"
EndProject
Project("{8BC9CEB8-8B4A-11D0-8D11-00A0C91BC942}") = "CullspherePatch", "CullspherePatch\CullspherePatch.vcxproj", "{F151403C-1782-40AD-8E37-79D6A5BC083B}"
EndProject
Project("{8BC9CEB8-8B4A-11D0-8D11-00A0C91BC942}") = "SetupDLL", "SetupDLL\SetupDLL.vcxproj", "{CAC06329-732A-40B8-BAE0-43F0FD75CE27}"
EndProject
Project("{8BC9CEB8-8B4A-11D0-8D11-00A0C91BC942}") = "EightPlayerFFAPatch", "EightPlayerFFAPatch\EightPlayerFFAPatch.vcxproj", "{45D4A20D-873D-48D9-8E89-CE27526278A6}"
EndProject
Project("{8BC9CEB8-8B4A-11D0-8D11-00A0C91BC942}") = "LastStandPatch", "LastStandPatch\LastStandPatch.vcxproj", "{52B20931-A2EC-40B7-B677-AA11540BDEDF}"
EndProject
Project("{8BC9CEB8-8B4A-11D0-8D11-00A0C91BC942}") = "LanPatch", "LanPatch\LanPatch.vcxproj", "{E2F2C9B2-297C-4E7A-92B5-B89F900C8E8F}"
EndProject
Project("{8BC9CEB8-8B4A-11D0-8D11-00A0C91BC942}") = "MiscFixes", "MiscFixes\MiscFixes.vcxproj", "{B724AF94-7769-46A5-B4E4-C28287BF9564}"
EndProject
Project("{8BC9CEB8-8B4A-11D0-8D11-00A0C91BC942}") = "ShellPatch", "ShellPatch\ShellPatch.vcxproj", "{CEEB5907-2947-49DE-A5B3-BAE46459E7C4}"
EndProject
Project("{8BC9CEB8-8B4A-11D0-8D11-00A0C91BC942}") = "UI_Expansion", "UI_Expansion\UI_Expansion.vcxproj", "{64BAA334-F58F-4B96-8910-BBA8F714E95A}"
EndProject
Project("{8BC9CEB8-8B4A-11D0-8D11-00A0C91BC942}") = "8p_Replay_Fix", "8p_Replay_Fix\8p_Replay_Fix.vcxproj", "{6BEA39C6-8030-4D76-B35B-90E6FAF2513A}"
EndProject
Global
	GlobalSection(SolutionConfigurationPlatforms) = preSolution
		Debug|x86 = Debug|x86
		Release|x86 = Release|x86
	EndGlobalSection
	GlobalSection(ProjectConfigurationPlatforms) = postSolution
		{88BC017B-C400-469C-A546-F99273FA611F}.Debug|x86.ActiveCfg = Debug|Win32
		{88BC017B-C400-469C-A546-F99273FA611F}.Debug|x86.Build.0 = Debug|Win32
		{88BC017B-C400-469C-A546-F99273FA611F}.Release|x86.ActiveCfg = Release|Win32
		{88BC017B-C400-469C-A546-F99273FA611F}.Release|x86.Build.0 = Release|Win32
		{66C07191-2AC8-4D94-B382-D89B9BF8D5DC}.Debug|x86.ActiveCfg = Debug|Win32
		{66C07191-2AC8-4D94-B382-D89B9BF8D5DC}.Debug|x86.Build.0 = Debug|Win32
		{66C07191-2AC8-4D94-B382-D89B9BF8D5DC}.Release|x86.ActiveCfg = Release|Win32
		{66C07191-2AC8-4D94-B382-D89B9BF8D5DC}.Release|x86.Build.0 = Release|Win32
		{F151403C-1782-40AD-8E37-79D6A5BC083B}.Debug|x86.ActiveCfg = Debug|Win32
		{F151403C-1782-40AD-8E37-79D6A5BC083B}.Debug|x86.Build.0 = Debug|Win32
		{F151403C-1782-40AD-8E37-79D6A5BC083B}.Release|x86.ActiveCfg = Release|Win32
		{F151403C-1782-40AD-8E37-79D6A5BC083B}.Release|x86.Build.0 = Release|Win32
		{CAC06329-732A-40B8-BAE0-43F0FD75CE27}.Debug|x86.ActiveCfg = Debug|Win32
		{CAC06329-732A-40B8-BAE0-43F0FD75CE27}.Debug|x86.Build.0 = Debug|Win32
		{CAC06329-732A-40B8-BAE0-43F0FD75CE27}.Release|x86.ActiveCfg = Release|Win32
		{CAC06329-732A-40B8-BAE0-43F0FD75CE27}.Release|x86.Build.0 = Release|Win32
		{45D4A20D-873D-48D9-8E89-CE27526278A6}.Debug|x86.ActiveCfg = Debug|Win32
		{45D4A20D-873D-48D9-8E89-CE27526278A6}.Debug|x86.Build.0 = Debug|Win32
		{45D4A20D-873D-48D9-8E89-CE27526278A6}.Release|x86.ActiveCfg = Release|Win32
		{45D4A20D-873D-48D9-8E89-CE27526278A6}.Release|x86.Build.0 = Release|Win32
		{52B20931-A2EC-40B7-B677-AA11540BDEDF}.Debug|x86.ActiveCfg = Debug|Win32
		{52B20931-A2EC-40B7-B677-AA11540BDEDF}.Debug|x86.Build.0 = Debug|Win32
		{52B20931-A2EC-40B7-B677-AA11540BDEDF}.Release|x86.ActiveCfg = Release|Win32
		{52B20931-A2EC-40B7-B677-AA11540BDEDF}.Release|x86.Build.0 = Release|Win32
		{E2F2C9B2-297C-4E7A-92B5-B89F900C8E8F}.Debug|x86.ActiveCfg = Debug|Win32
		{E2F2C9B2-297C-4E7A-92B5-B89F900C8E8F}.Debug|x86.Build.0 = Debug|Win32
		{E2F2C9B2-297C-4E7A-92B5-B89F900C8E8F}.Release|x86.ActiveCfg = Release|Win32
		{E2F2C9B2-297C-4E7A-92B5-B89F900C8E8F}.Release|x86.Build.0 = Release|Win32
		{B724AF94-7769-46A5-B4E4-C28287BF9564}.Debug|x86.ActiveCfg = Debug|Win32
		{B724AF94-7769-46A5-B4E4-C28287BF9564}.Debug|x86.Build.0 = Debug|Win32
		{B724AF94-7769-46A5-B4E4-C28287BF9564}.Release|x86.ActiveCfg = Release|Win32
		{B724AF94-7769-46A5-B4E4-C28287BF9564}.Release|x86.Build.0 = Release|Win32
		{CEEB5907-2947-49DE-A5B3-BAE46459E7C4}.Debug|x86.ActiveCfg = Debug|Win32
		{CEEB5907-2947-49DE-A5B3-BAE46459E7C4}.Debug|x86.Build.0 = Debug|Win32
		{CEEB5907-2947-49DE-A5B3-BAE46459E7C4}.Release|x86.ActiveCfg = Release|Win32
		{CEEB5907-2947-49DE-A5B3-BAE46459E7C4}.Release|x86.Build.0 = Release|Win32
		{64BAA334-F58F-4B96-8910-BBA8F714E95A}.Debug|x86.ActiveCfg = Debug|Win32
		{64BAA334-F58F-4B96-8910-BBA8F714E95A}.Debug|x86.Build.0 = Debug|Win32
		{64BAA334-F58F-4B96-8910-BBA8F714E95A}.Release|x86.ActiveCfg = Release|Win32
		{64BAA334-F58F-4B96-8910-BBA8F714E95A}.Release|x86.Build.0 = Release|Win32
		{6BEA39C6-8030-4D76-B35B-90E6FAF2513A}.Debug|x86.ActiveCfg = Debug|Win32
		{6BEA39C6-8030-4D76-B35B-90E6FAF2513A}.Debug|x86.Build.0 = Debug|Win32
		{6BEA39C6-8030-4D76-B35B-90E6FAF2513A}.Release|x86.ActiveCfg = Release|Win32
		{6BEA39C6-8030-4D76-B35B-90E6FAF2513A}.Release|x86.Build.0 = Release|Win32
	EndGlobalSection
	GlobalSection(SolutionProperties) = preSolution
		HideSolutionNode = FALSE
	EndGlobalSection
	GlobalSection(ExtensibilityGlobals) = postSolution
		SolutionGuid = {5B2F3A32-FB60-43A2-8203-4E42D1A709FE}
	EndGlobalSection
EndGlobal
